// !$*UTF8*$!
{
	archiveVersion = 1;
	classes = {
	};
	objectVersion = 50;
	objects = {

/* Begin PBXBuildFile section */
		A1C14AD92125A191005C250F /* AppDelegate.swift in Sources */ = {isa = PBXBuildFile; fileRef = A1C14AD82125A191005C250F /* AppDelegate.swift */; };
		A1C14ADB2125A191005C250F /* ViewController.swift in Sources */ = {isa = PBXBuildFile; fileRef = A1C14ADA2125A191005C250F /* ViewController.swift */; };
		A1C14ADE2125A191005C250F /* Main.storyboard in Resources */ = {isa = PBXBuildFile; fileRef = A1C14ADC2125A191005C250F /* Main.storyboard */; };
		A1C14AE02125A1A5005C250F /* Assets.xcassets in Resources */ = {isa = PBXBuildFile; fileRef = A1C14ADF2125A1A5005C250F /* Assets.xcassets */; };
		A1C14AE32125A1A5005C250F /* LaunchScreen.storyboard in Resources */ = {isa = PBXBuildFile; fileRef = A1C14AE12125A1A5005C250F /* LaunchScreen.storyboard */; };
		A1C14AEE2125A1A5005C250F /* PagesDemo1Tests.swift in Sources */ = {isa = PBXBuildFile; fileRef = A1C14AED2125A1A5005C250F /* PagesDemo1Tests.swift */; };
		A1C14AF92125A1A5005C250F /* PagesDemo1UITests.swift in Sources */ = {isa = PBXBuildFile; fileRef = A1C14AF82125A1A5005C250F /* PagesDemo1UITests.swift */; };
/* End PBXBuildFile section */

/* Begin PBXContainerItemProxy section */
		A1C14AEA2125A1A5005C250F /* PBXContainerItemProxy */ = {
			isa = PBXContainerItemProxy;
			containerPortal = A1C14ACD2125A191005C250F /* Project object */;
			proxyType = 1;
			remoteGlobalIDString = A1C14AD42125A191005C250F;
			remoteInfo = PagesDemo1;
		};
		A1C14AF52125A1A5005C250F /* PBXContainerItemProxy */ = {
			isa = PBXContainerItemProxy;
			containerPortal = A1C14ACD2125A191005C250F /* Project object */;
			proxyType = 1;
			remoteGlobalIDString = A1C14AD42125A191005C250F;
			remoteInfo = PagesDemo1;
		};
/* End PBXContainerItemProxy section */

/* Begin PBXFileReference section */
		A1C14AD52125A191005C250F /* PagesDemo1.app */ = {isa = PBXFileReference; explicitFileType = wrapper.application; includeInIndex = 0; path = PagesDemo1.app; sourceTree = BUILT_PRODUCTS_DIR; };
		A1C14AD82125A191005C250F /* AppDelegate.swift */ = {isa = PBXFileReference; lastKnownFileType = sourcecode.swift; path = AppDelegate.swift; sourceTree = "<group>"; };
		A1C14ADA2125A191005C250F /* ViewController.swift */ = {isa = PBXFileReference; lastKnownFileType = sourcecode.swift; path = ViewController.swift; sourceTree = "<group>"; };
		A1C14ADD2125A191005C250F /* Base */ = {isa = PBXFileReference; lastKnownFileType = file.storyboard; name = Base; path = Base.lproj/Main.storyboard; sourceTree = "<group>"; };
		A1C14ADF2125A1A5005C250F /* Assets.xcassets */ = {isa = PBXFileReference; lastKnownFileType = folder.assetcatalog; path = Assets.xcassets; sourceTree = "<group>"; };
		A1C14AE22125A1A5005C250F /* Base */ = {isa = PBXFileReference; lastKnownFileType = file.storyboard; name = Base; path = Base.lproj/LaunchScreen.storyboard; sourceTree = "<group>"; };
		A1C14AE42125A1A5005C250F /* Info.plist */ = {isa = PBXFileReference; lastKnownFileType = text.plist.xml; path = Info.plist; sourceTree = "<group>"; };
		A1C14AE92125A1A5005C250F /* PagesDemo1Tests.xctest */ = {isa = PBXFileReference; explicitFileType = wrapper.cfbundle; includeInIndex = 0; path = PagesDemo1Tests.xctest; sourceTree = BUILT_PRODUCTS_DIR; };
		A1C14AED2125A1A5005C250F /* PagesDemo1Tests.swift */ = {isa = PBXFileReference; lastKnownFileType = sourcecode.swift; path = PagesDemo1Tests.swift; sourceTree = "<group>"; };
		A1C14AEF2125A1A5005C250F /* Info.plist */ = {isa = PBXFileReference; lastKnownFileType = text.plist.xml; path = Info.plist; sourceTree = "<group>"; };
		A1C14AF42125A1A5005C250F /* PagesDemo1UITests.xctest */ = {isa = PBXFileReference; explicitFileType = wrapper.cfbundle; includeInIndex = 0; path = PagesDemo1UITests.xctest; sourceTree = BUILT_PRODUCTS_DIR; };
		A1C14AF82125A1A5005C250F /* PagesDemo1UITests.swift */ = {isa = PBXFileReference; lastKnownFileType = sourcecode.swift; path = PagesDemo1UITests.swift; sourceTree = "<group>"; };
		A1C14AFA2125A1A5005C250F /* Info.plist */ = {isa = PBXFileReference; lastKnownFileType = text.plist.xml; path = Info.plist; sourceTree = "<group>"; };
/* End PBXFileReference section */

/* Begin PBXFrameworksBuildPhase section */
		A1C14AD22125A191005C250F /* Frameworks */ = {
			isa = PBXFrameworksBuildPhase;
			buildActionMask = 2147483647;
			files = (
			);
			runOnlyForDeploymentPostprocessing = 0;
		};
		A1C14AE62125A1A5005C250F /* Frameworks */ = {
			isa = PBXFrameworksBuildPhase;
			buildActionMask = 2147483647;
			files = (
			);
			runOnlyForDeploymentPostprocessing = 0;
		};
		A1C14AF12125A1A5005C250F /* Frameworks */ = {
			isa = PBXFrameworksBuildPhase;
			buildActionMask = 2147483647;
			files = (
			);
			runOnlyForDeploymentPostprocessing = 0;
		};
/* End PBXFrameworksBuildPhase section */

/* Begin PBXGroup section */
		A1C14ACC2125A191005C250F = {
			isa = PBXGroup;
			children = (
				A1C14AD72125A191005C250F /* PagesDemo1 */,
				A1C14AEC2125A1A5005C250F /* PagesDemo1Tests */,
				A1C14AF72125A1A5005C250F /* PagesDemo1UITests */,
				A1C14AD62125A191005C250F /* Products */,
			);
			sourceTree = "<group>";
		};
		A1C14AD62125A191005C250F /* Products */ = {
			isa = PBXGroup;
			children = (
				A1C14AD52125A191005C250F /* PagesDemo1.app */,
				A1C14AE92125A1A5005C250F /* PagesDemo1Tests.xctest */,
				A1C14AF42125A1A5005C250F /* PagesDemo1UITests.xctest */,
			);
			name = Products;
			sourceTree = "<group>";
		};
		A1C14AD72125A191005C250F /* PagesDemo1 */ = {
			isa = PBXGroup;
			children = (
				A1C14AD82125A191005C250F /* AppDelegate.swift */,
				A1C14ADA2125A191005C250F /* ViewController.swift */,
				A1C14ADC2125A191005C250F /* Main.storyboard */,
				A1C14ADF2125A1A5005C250F /* Assets.xcassets */,
				A1C14AE12125A1A5005C250F /* LaunchScreen.storyboard */,
				A1C14AE42125A1A5005C250F /* Info.plist */,
			);
			path = PagesDemo1;
			sourceTree = "<group>";
		};
		A1C14AEC2125A1A5005C250F /* PagesDemo1Tests */ = {
			isa = PBXGroup;
			children = (
				A1C14AED2125A1A5005C250F /* PagesDemo1Tests.swift */,
				A1C14AEF2125A1A5005C250F /* Info.plist */,
			);
			path = PagesDemo1Tests;
			sourceTree = "<group>";
		};
		A1C14AF72125A1A5005C250F /* PagesDemo1UITests */ = {
			isa = PBXGroup;
			children = (
				A1C14AF82125A1A5005C250F /* PagesDemo1UITests.swift */,
				A1C14AFA2125A1A5005C250F /* Info.plist */,
			);
			path = PagesDemo1UITests;
			sourceTree = "<group>";
		};
/* End PBXGroup section */

/* Begin PBXNativeTarget section */
		A1C14AD42125A191005C250F /* PagesDemo1 */ = {
			isa = PBXNativeTarget;
			buildConfigurationList = A1C14AFD2125A1A5005C250F /* Build configuration list for PBXNativeTarget "PagesDemo1" */;
			buildPhases = (
				A1C14AD12125A191005C250F /* Sources */,
				A1C14AD22125A191005C250F /* Frameworks */,
				A1C14AD32125A191005C250F /* Resources */,
			);
			buildRules = (
			);
			dependencies = (
			);
			name = PagesDemo1;
			productName = PagesDemo1;
			productReference = A1C14AD52125A191005C250F /* PagesDemo1.app */;
			productType = "com.apple.product-type.application";
		};
		A1C14AE82125A1A5005C250F /* PagesDemo1Tests */ = {
			isa = PBXNativeTarget;
			buildConfigurationList = A1C14B002125A1A5005C250F /* Build configuration list for PBXNativeTarget "PagesDemo1Tests" */;
			buildPhases = (
				A1C14AE52125A1A5005C250F /* Sources */,
				A1C14AE62125A1A5005C250F /* Frameworks */,
				A1C14AE72125A1A5005C250F /* Resources */,
			);
			buildRules = (
			);
			dependencies = (
				A1C14AEB2125A1A5005C250F /* PBXTargetDependency */,
			);
			name = PagesDemo1Tests;
			productName = PagesDemo1Tests;
			productReference = A1C14AE92125A1A5005C250F /* PagesDemo1Tests.xctest */;
			productType = "com.apple.product-type.bundle.unit-test";
		};
		A1C14AF32125A1A5005C250F /* PagesDemo1UITests */ = {
			isa = PBXNativeTarget;
			buildConfigurationList = A1C14B032125A1A5005C250F /* Build configuration list for PBXNativeTarget "PagesDemo1UITests" */;
			buildPhases = (
				A1C14AF02125A1A5005C250F /* Sources */,
				A1C14AF12125A1A5005C250F /* Frameworks */,
				A1C14AF22125A1A5005C250F /* Resources */,
			);
			buildRules = (
			);
			dependencies = (
				A1C14AF62125A1A5005C250F /* PBXTargetDependency */,
			);
			name = PagesDemo1UITests;
			productName = PagesDemo1UITests;
			productReference = A1C14AF42125A1A5005C250F /* PagesDemo1UITests.xctest */;
			productType = "com.apple.product-type.bundle.ui-testing";
		};
/* End PBXNativeTarget section */

/* Begin PBXProject section */
		A1C14ACD2125A191005C250F /* Project object */ = {
			isa = PBXProject;
			attributes = {
				LastSwiftUpdateCheck = 0940;
				LastUpgradeCheck = 0940;
				ORGANIZATIONNAME = "ramjan sayyad";
				TargetAttributes = {
					A1C14AD42125A191005C250F = {
						CreatedOnToolsVersion = 9.4.1;
					};
					A1C14AE82125A1A5005C250F = {
						CreatedOnToolsVersion = 9.4.1;
						TestTargetID = A1C14AD42125A191005C250F;
					};
					A1C14AF32125A1A5005C250F = {
						CreatedOnToolsVersion = 9.4.1;
						TestTargetID = A1C14AD42125A191005C250F;
					};
				};
			};
			buildConfigurationList = A1C14AD02125A191005C250F /* Build configuration list for PBXProject "PagesDemo1" */;
			compatibilityVersion = "Xcode 9.3";
			developmentRegion = en;
			hasScannedForEncodings = 0;
			knownRegions = (
				en,
				Base,
			);
			mainGroup = A1C14ACC2125A191005C250F;
			productRefGroup = A1C14AD62125A191005C250F /* Products */;
			projectDirPath = "";
			projectRoot = "";
			targets = (
				A1C14AD42125A191005C250F /* PagesDemo1 */,
				A1C14AE82125A1A5005C250F /* PagesDemo1Tests */,
				A1C14AF32125A1A5005C250F /* PagesDemo1UITests */,
			);
		};
/* End PBXProject section */

/* Begin PBXResourcesBuildPhase section */
		A1C14AD32125A191005C250F /* Resources */ = {
			isa = PBXResourcesBuildPhase;
			buildActionMask = 2147483647;
			files = (
				A1C14AE32125A1A5005C250F /* LaunchScreen.storyboard in Resources */,
				A1C14AE02125A1A5005C250F /* Assets.xcassets in Resources */,
				A1C14ADE2125A191005C250F /* Main.storyboard in Resources */,
			);
			runOnlyForDeploymentPostprocessing = 0;
		};
		A1C14AE72125A1A5005C250F /* Resources */ = {
			isa = PBXResourcesBuildPhase;
			buildActionMask = 2147483647;
			files = (
			);
			runOnlyForDeploymentPostprocessing = 0;
		};
		A1C14AF22125A1A5005C250F /* Resources */ = {
			isa = PBXResourcesBuildPhase;
			buildActionMask = 2147483647;
			files = (
			);
			runOnlyForDeploymentPostprocessing = 0;
		};
/* End PBXResourcesBuildPhase section */

/* Begin PBXSourcesBuildPhase section */
		A1C14AD12125A191005C250F /* Sources */ = {
			isa = PBXSourcesBuildPhase;
			buildActionMask = 2147483647;
			files = (
				A1C14ADB2125A191005C250F /* ViewController.swift in Sources */,
				A1C14AD92125A191005C250F /* AppDelegate.swift in Sources */,
			);
			runOnlyForDeploymentPostprocessing = 0;
		};
		A1C14AE52125A1A5005C250F /* Sources */ = {
			isa = PBXSourcesBuildPhase;
			buildActionMask = 2147483647;
			files = (
				A1C14AEE2125A1A5005C250F /* PagesDemo1Tests.swift in Sources */,
			);
			runOnlyForDeploymentPostprocessing = 0;
		};
		A1C14AF02125A1A5005C250F /* Sources */ = {
			isa = PBXSourcesBuildPhase;
			buildActionMask = 2147483647;
			files = (
				A1C14AF92125A1A5005C250F /* PagesDemo1UITests.swift in Sources */,
			);
			runOnlyForDeploymentPostprocessing = 0;
		};
/* End PBXSourcesBuildPhase section */

/* Begin PBXTargetDependency section */
		A1C14AEB2125A1A5005C250F /* PBXTargetDependency */ = {
			isa = PBXTargetDependency;
			target = A1C14AD42125A191005C250F /* PagesDemo1 */;
			targetProxy = A1C14AEA2125A1A5005C250F /* PBXContainerItemProxy */;
		};
		A1C14AF62125A1A5005C250F /* PBXTargetDependency */ = {
			isa = PBXTargetDependency;
			target = A1C14AD42125A191005C250F /* PagesDemo1 */;
			targetProxy = A1C14AF52125A1A5005C250F /* PBXContainerItemProxy */;
		};
/* End PBXTargetDependency section */

/* Begin PBXVariantGroup section */
		A1C14ADC2125A191005C250F /* Main.storyboard */ = {
			isa = PBXVariantGroup;
			children = (
				A1C14ADD2125A191005C250F /* Base */,
			);
			name = Main.storyboard;
			sourceTree = "<group>";
		};
		A1C14AE12125A1A5005C250F /* LaunchScreen.storyboard */ = {
			isa = PBXVariantGroup;
			children = (
				A1C14AE22125A1A5005C250F /* Base */,
			);
			name = LaunchScreen.storyboard;
			sourceTree = "<group>";
		};
/* End PBXVariantGroup section */

/* Begin XCBuildConfiguration section */
		A1C14AFB2125A1A5005C250F /* Debug */ = {
			isa = XCBuildConfiguration;
			buildSettings = {
				ALWAYS_SEARCH_USER_PATHS = NO;
				CLANG_ANALYZER_NONNULL = YES;
				CLANG_ANALYZER_NUMBER_OBJECT_CONVERSION = YES_AGGRESSIVE;
				CLANG_CXX_LANGUAGE_STANDARD = "gnu++14";
				CLANG_CXX_LIBRARY = "libc++";
				CLANG_ENABLE_MODULES = YES;
				CLANG_ENABLE_OBJC_ARC = YES;
				CLANG_ENABLE_OBJC_WEAK = YES;
				CLANG_WARN_BLOCK_CAPTURE_AUTORELEASING = YES;
				CLANG_WARN_BOOL_CONVERSION = YES;
				CLANG_WARN_COMMA = YES;
				CLANG_WARN_CONSTANT_CONVERSION = YES;
				CLANG_WARN_DEPRECATED_OBJC_IMPLEMENTATIONS = YES;
				CLANG_WARN_DIRECT_OBJC_ISA_USAGE = YES_ERROR;
				CLANG_WARN_DOCUMENTATION_COMMENTS = YES;
				CLANG_WARN_EMPTY_BODY = YES;
				CLANG_WARN_ENUM_CONVERSION = YES;
				CLANG_WARN_INFINITE_RECURSION = YES;
				CLANG_WARN_INT_CONVERSION = YES;
				CLANG_WARN_NON_LITERAL_NULL_CONVERSION = YES;
				CLANG_WARN_OBJC_IMPLICIT_RETAIN_SELF = YES;
				CLANG_WARN_OBJC_LITERAL_CONVERSION = YES;
				CLANG_WARN_OBJC_ROOT_CLASS = YES_ERROR;
				CLANG_WARN_RANGE_LOOP_ANALYSIS = YES;
				CLANG_WARN_STRICT_PROTOTYPES = YES;
				CLANG_WARN_SUSPICIOUS_MOVE = YES;
				CLANG_WARN_UNGUARDED_AVAILABILITY = YES_AGGRESSIVE;
				CLANG_WARN_UNREACHABLE_CODE = YES;
				CLANG_WARN__DUPLICATE_METHOD_MATCH = YES;
				CODE_SIGN_IDENTITY = "iPhone Developer";
				COPY_PHASE_STRIP = NO;
				DEBUG_INFORMATION_FORMAT = dwarf;
				ENABLE_STRICT_OBJC_MSGSEND = YES;
				ENABLE_TESTABILITY = YES;
				GCC_C_LANGUAGE_STANDARD = gnu11;
				GCC_DYNAMIC_NO_PIC = NO;
				GCC_NO_COMMON_BLOCKS = YES;
				GCC_OPTIMIZATION_LEVEL = 0;
				GCC_PREPROCESSOR_DEFINITIONS = (
					"DEBUG=1",
					"$(inherited)",
				);
				GCC_WARN_64_TO_32_BIT_CONVERSION = YES;
				GCC_WARN_ABOUT_RETURN_TYPE = YES_ERROR;
				GCC_WARN_UNDECLARED_SELECTOR = YES;
				GCC_WARN_UNINITIALIZED_AUTOS = YES_AGGRESSIVE;
				GCC_WARN_UNUSED_FUNCTION = YES;
				GCC_WARN_UNUSED_VARIABLE = YES;
				IPHONEOS_DEPLOYMENT_TARGET = 11.4;
				MTL_ENABLE_DEBUG_INFO = YES;
				ONLY_ACTIVE_ARCH = YES;
				SDKROOT = iphoneos;
				SWIFT_ACTIVE_COMPILATION_CONDITIONS = DEBUG;
				SWIFT_OPTIMIZATION_LEVEL = "-Onone";
			};
			name = Debug;
		};
		A1C14AFC2125A1A5005C250F /* Release */ = {
			isa = XCBuildConfiguration;
			buildSettings = {
				ALWAYS_SEARCH_USER_PATHS = NO;
				CLANG_ANALYZER_NONNULL = YES;
				CLANG_ANALYZER_NUMBER_OBJECT_CONVERSION = YES_AGGRESSIVE;
				CLANG_CXX_LANGUAGE_STANDARD = "gnu++14";
				CLANG_CXX_LIBRARY = "libc++";
				CLANG_ENABLE_MODULES = YES;
				CLANG_ENABLE_OBJC_ARC = YES;
				CLANG_ENABLE_OBJC_WEAK = YES;
				CLANG_WARN_BLOCK_CAPTURE_AUTORELEASING = YES;
				CLANG_WARN_BOOL_CONVERSION = YES;
				CLANG_WARN_COMMA = YES;
				CLANG_WARN_CONSTANT_CONVERSION = YES;
				CLANG_WARN_DEPRECATED_OBJC_IMPLEMENTATIONS = YES;
				CLANG_WARN_DIRECT_OBJC_ISA_USAGE = YES_ERROR;
				CLANG_WARN_DOCUMENTATION_COMMENTS = YES;
				CLANG_WARN_EMPTY_BODY = YES;
				CLANG_WARN_ENUM_CONVERSION = YES;
				CLANG_WARN_INFINITE_RECURSION = YES;
				CLANG_WARN_INT_CONVERSION = YES;
				CLANG_WARN_NON_LITERAL_NULL_CONVERSION = YES;
				CLANG_WARN_OBJC_IMPLICIT_RETAIN_SELF = YES;
				CLANG_WARN_OBJC_LITERAL_CONVERSION = YES;
				CLANG_WARN_OBJC_ROOT_CLASS = YES_ERROR;
				CLANG_WARN_RANGE_LOOP_ANALYSIS = YES;
				CLANG_WARN_STRICT_PROTOTYPES = YES;
				CLANG_WARN_SUSPICIOUS_MOVE = YES;
				CLANG_WARN_UNGUARDED_AVAILABILITY = YES_AGGRESSIVE;
				CLANG_WARN_UNREACHABLE_CODE = YES;
				CLANG_WARN__DUPLICATE_METHOD_MATCH = YES;
				CODE_SIGN_IDENTITY = "iPhone Developer";
				COPY_PHASE_STRIP = NO;
				DEBUG_INFORMATION_FORMAT = "dwarf-with-dsym";
				ENABLE_NS_ASSERTIONS = NO;
				ENABLE_STRICT_OBJC_MSGSEND = YES;
				GCC_C_LANGUAGE_STANDARD = gnu11;
				GCC_NO_COMMON_BLOCKS = YES;
				GCC_WARN_64_TO_32_BIT_CONVERSION = YES;
				GCC_WARN_ABOUT_RETURN_TYPE = YES_ERROR;
				GCC_WARN_UNDECLARED_SELECTOR = YES;
				GCC_WARN_UNINITIALIZED_AUTOS = YES_AGGRESSIVE;
				GCC_WARN_UNUSED_FUNCTION = YES;
				GCC_WARN_UNUSED_VARIABLE = YES;
				IPHONEOS_DEPLOYMENT_TARGET = 11.4;
				MTL_ENABLE_DEBUG_INFO = NO;
				SDKROOT = iphoneos;
				SWIFT_COMPILATION_MODE = wholemodule;
				SWIFT_OPTIMIZATION_LEVEL = "-O";
				VALIDATE_PRODUCT = YES;
			};
			name = Release;
		};
		A1C14AFE2125A1A5005C250F /* Debug */ = {
			isa = XCBuildConfiguration;
			buildSettings = {
				ASSETCATALOG_COMPILER_APPICON_NAME = AppIcon;
				CODE_SIGN_STYLE = Manual;
				DEVELOPMENT_TEAM = 62YKTFE2C9;
				INFOPLIST_FILE = PagesDemo1/Info.plist;
				IPHONEOS_DEPLOYMENT_TARGET = 10;
				LD_RUNPATH_SEARCH_PATHS = (
					"$(inherited)",
					"@executable_path/Frameworks",
				);
				PRODUCT_BUNDLE_IDENTIFIER = "com.ob.-";
				PRODUCT_NAME = "$(TARGET_NAME)";
				PROVISIONING_PROFILE = "b88d7259-17c7-46c1-8cff-6002fdba1216";
				PROVISIONING_PROFILE_SPECIFIER = NewGeneralDevProfile;
				SWIFT_VERSION = 4.0;
				TARGETED_DEVICE_FAMILY = "1,2";
			};
			name = Debug;
		};
		A1C14AFF2125A1A5005C250F /* Release */ = {
			isa = XCBuildConfiguration;
			buildSettings = {
				ASSETCATALOG_COMPILER_APPICON_NAME = AppIcon;
				CODE_SIGN_STYLE = Manual;
				DEVELOPMENT_TEAM = 62YKTFE2C9;
				INFOPLIST_FILE = PagesDemo1/Info.plist;
				IPHONEOS_DEPLOYMENT_TARGET = 10;
				LD_RUNPATH_SEARCH_PATHS = (
					"$(inherited)",
					"@executable_path/Frameworks",
				);
				PRODUCT_BUNDLE_IDENTIFIER = "com.ob.-";
				PRODUCT_NAME = "$(TARGET_NAME)";
				PROVISIONING_PROFILE = "b88d7259-17c7-46c1-8cff-6002fdba1216";
				PROVISIONING_PROFILE_SPECIFIER = NewGeneralDevProfile;
				SWIFT_VERSION = 4.0;
				TARGETED_DEVICE_FAMILY = "1,2";
			};
			name = Release;
		};
		A1C14B012125A1A5005C250F /* Debug */ = {
			isa = XCBuildConfiguration;
			buildSettings = {
				ALWAYS_EMBED_SWIFT_STANDARD_LIBRARIES = YES;
				BUNDLE_LOADER = "$(TEST_HOST)";
				CODE_SIGN_STYLE = Automatic;
				INFOPLIST_FILE = PagesDemo1Tests/Info.plist;
				LD_RUNPATH_SEARCH_PATHS = (
					"$(inherited)",
					"@executable_path/Frameworks",
					"@loader_path/Frameworks",
				);
				PRODUCT_BUNDLE_IDENTIFIER = Tribhi.PagesDemo1Tests;
				PRODUCT_NAME = "$(TARGET_NAME)";
				SWIFT_VERSION = 4.0;
				TARGETED_DEVICE_FAMILY = "1,2";
				TEST_HOST = "$(BUILT_PRODUCTS_DIR)/PagesDemo1.app/PagesDemo1";
			};
			name = Debug;
		};
		A1C14B022125A1A5005C250F /* Release */ = {
			isa = XCBuildConfiguration;
			buildSettings = {
				ALWAYS_EMBED_SWIFT_STANDARD_LIBRARIES = YES;
				BUNDLE_LOADER = "$(TEST_HOST)";
				CODE_SIGN_STYLE = Automatic;
				INFOPLIST_FILE = PagesDemo1Tests/Info.plist;
				LD_RUNPATH_SEARCH_PATHS = (
					"$(inherited)",
					"@executable_path/Frameworks",
					"@loader_path/Frameworks",
				);
				PRODUCT_BUNDLE_IDENTIFIER = Tribhi.PagesDemo1Tests;
				PRODUCT_NAME = "$(TARGET_NAME)";
				SWIFT_VERSION = 4.0;
				TARGETED_DEVICE_FAMILY = "1,2";
				TEST_HOST = "$(BUILT_PRODUCTS_DIR)/PagesDemo1.app/PagesDemo1";
			};
			name = Release;
		};
		A1C14B042125A1A5005C250F /* Debug */ = {
			isa = XCBuildConfiguration;
			buildSettings = {
				ALWAYS_EMBED_SWIFT_STANDARD_LIBRARIES = YES;
				CODE_SIGN_STYLE = Automatic;
				INFOPLIST_FILE = PagesDemo1UITests/Info.plist;
				LD_RUNPATH_SEARCH_PATHS = (
					"$(inherited)",
					"@executable_path/Frameworks",
					"@loader_path/Frameworks",
				);
				PRODUCT_BUNDLE_IDENTIFIER = Tribhi.PagesDemo1UITests;
				PRODUCT_NAME = "$(TARGET_NAME)";
				SWIFT_VERSION = 4.0;
				TARGETED_DEVICE_FAMILY = "1,2";
				TEST_TARGET_NAME = PagesDemo1;
			};
			name = Debug;
		};
		A1C14B052125A1A5005C250F /* Release */ = {
			isa = XCBuildConfiguration;
			buildSettings = {
				ALWAYS_EMBED_SWIFT_STANDARD_LIBRARIES = YES;
				CODE_SIGN_STYLE = Automatic;
				INFOPLIST_FILE = PagesDemo1UITests/Info.plist;
				LD_RUNPATH_SEARCH_PATHS = (
					"$(inherited)",
					"@executable_path/Frameworks",
					"@loader_path/Frameworks",
				);
				PRODUCT_BUNDLE_IDENTIFIER = Tribhi.PagesDemo1UITests;
				PRODUCT_NAME = "$(TARGET_NAME)";
				SWIFT_VERSION = 4.0;
				TARGETED_DEVICE_FAMILY = "1,2";
				TEST_TARGET_NAME = PagesDemo1;
			};
			name = Release;
		};
/* End XCBuildConfiguration section */

/* Begin XCConfigurationList section */
		A1C14AD02125A191005C250F /* Build configuration list for PBXProject "PagesDemo1" */ = {
			isa = XCConfigurationList;
			buildConfigurations = (
				A1C14AFB2125A1A5005C250F /* Debug */,
				A1C14AFC2125A1A5005C250F /* Release */,
			);
			defaultConfigurationIsVisible = 0;
			defaultConfigurationName = Release;
		};
		A1C14AFD2125A1A5005C250F /* Build configuration list for PBXNativeTarget "PagesDemo1" */ = {
			isa = XCConfigurationList;
			buildConfigurations = (
				A1C14AFE2125A1A5005C250F /* Debug */,
				A1C14AFF2125A1A5005C250F /* Release */,
			);
			defaultConfigurationIsVisible = 0;
			defaultConfigurationName = Release;
		};
		A1C14B002125A1A5005C250F /* Build configuration list for PBXNativeTarget "PagesDemo1Tests" */ = {
			isa = XCConfigurationList;
			buildConfigurations = (
				A1C14B012125A1A5005C250F /* Debug */,
				A1C14B022125A1A5005C250F /* Release */,
			);
			defaultConfigurationIsVisible = 0;
			defaultConfigurationName = Release;
		};
		A1C14B032125A1A5005C250F /* Build configuration list for PBXNativeTarget "PagesDemo1UITests" */ = {
			isa = XCConfigurationList;
			buildConfigurations = (
				A1C14B042125A1A5005C250F /* Debug */,
				A1C14B052125A1A5005C250F /* Release */,
			);
			defaultConfigurationIsVisible = 0;
			defaultConfigurationName = Release;
		};
/* End XCConfigurationList section */
	};
	rootObject = A1C14ACD2125A191005C250F /* Project object */;
}
